// !$*UTF8*$!
{
	archiveVersion = 1;
	classes = {
	};
	objectVersion = 56;
	objects = {

/* Begin PBXBuildFile section */
		6E1500BB2B3E551300CE397F /* LineChat.swift in Sources */ = {isa = PBXBuildFile; fileRef = 6E1500BA2B3E551300CE397F /* LineChat.swift */; };
		6E1500BF2B3E551600CE397F /* Assets.xcassets in Resources */ = {isa = PBXBuildFile; fileRef = 6E1500BE2B3E551600CE397F /* Assets.xcassets */; };
		6E1500C22B3E551600CE397F /* Preview Assets.xcassets in Resources */ = {isa = PBXBuildFile; fileRef = 6E1500C12B3E551600CE397F /* Preview Assets.xcassets */; };
		6E1500C92B3E55A400CE397F /* ChatView.swift in Sources */ = {isa = PBXBuildFile; fileRef = 6E1500C82B3E55A400CE397F /* ChatView.swift */; };
		6E1500CB2B3E5DE800CE397F /* MessageRow.swift in Sources */ = {isa = PBXBuildFile; fileRef = 6E1500CA2B3E5DE800CE397F /* MessageRow.swift */; };
		6E1500CF2B3E6D7600CE397F /* User.swift in Sources */ = {isa = PBXBuildFile; fileRef = 6E1500CE2B3E6D7600CE397F /* User.swift */; };
		6E1500D32B3E6F1E00CE397F /* Message.swift in Sources */ = {isa = PBXBuildFile; fileRef = 6E1500D22B3E6F1E00CE397F /* Message.swift */; };
		6E1500D52B3E70C500CE397F /* Chat.swift in Sources */ = {isa = PBXBuildFile; fileRef = 6E1500D42B3E70C500CE397F /* Chat.swift */; };
		6E1500D82B3E71EE00CE397F /* chatData.json in Resources */ = {isa = PBXBuildFile; fileRef = 6E1500D72B3E71EE00CE397F /* chatData.json */; };
		6E1500DB2B3E73CD00CE397F /* ChatViewModel.swift in Sources */ = {isa = PBXBuildFile; fileRef = 6E1500DA2B3E73CD00CE397F /* ChatViewModel.swift */; };
		6E6B189D2B3F97CB00030A90 /* ListView.swift in Sources */ = {isa = PBXBuildFile; fileRef = 6E6B189C2B3F97CB00030A90 /* ListView.swift */; };
/* End PBXBuildFile section */

/* Begin PBXFileReference section */
		6E1500B72B3E551300CE397F /* LineChat.app */ = {isa = PBXFileReference; explicitFileType = wrapper.application; includeInIndex = 0; path = LineChat.app; sourceTree = BUILT_PRODUCTS_DIR; };
		6E1500BA2B3E551300CE397F /* LineChat.swift */ = {isa = PBXFileReference; lastKnownFileType = sourcecode.swift; path = LineChat.swift; sourceTree = "<group>"; };
		6E1500BE2B3E551600CE397F /* Assets.xcassets */ = {isa = PBXFileReference; lastKnownFileType = folder.assetcatalog; path = Assets.xcassets; sourceTree = "<group>"; };
		6E1500C12B3E551600CE397F /* Preview Assets.xcassets */ = {isa = PBXFileReference; lastKnownFileType = folder.assetcatalog; path = "Preview Assets.xcassets"; sourceTree = "<group>"; };
		6E1500C82B3E55A400CE397F /* ChatView.swift */ = {isa = PBXFileReference; lastKnownFileType = sourcecode.swift; path = ChatView.swift; sourceTree = "<group>"; };
		6E1500CA2B3E5DE800CE397F /* MessageRow.swift */ = {isa = PBXFileReference; lastKnownFileType = sourcecode.swift; path = MessageRow.swift; sourceTree = "<group>"; };
		6E1500CE2B3E6D7600CE397F /* User.swift */ = {isa = PBXFileReference; lastKnownFileType = sourcecode.swift; path = User.swift; sourceTree = "<group>"; };
		6E1500D22B3E6F1E00CE397F /* Message.swift */ = {isa = PBXFileReference; lastKnownFileType = sourcecode.swift; path = Message.swift; sourceTree = "<group>"; };
		6E1500D42B3E70C500CE397F /* Chat.swift */ = {isa = PBXFileReference; lastKnownFileType = sourcecode.swift; path = Chat.swift; sourceTree = "<group>"; };
		6E1500D72B3E71EE00CE397F /* chatData.json */ = {isa = PBXFileReference; fileEncoding = 4; lastKnownFileType = text.json; path = chatData.json; sourceTree = "<group>"; };
		6E1500DA2B3E73CD00CE397F /* ChatViewModel.swift */ = {isa = PBXFileReference; lastKnownFileType = sourcecode.swift; path = ChatViewModel.swift; sourceTree = "<group>"; };
		6E6B189C2B3F97CB00030A90 /* ListView.swift */ = {isa = PBXFileReference; lastKnownFileType = sourcecode.swift; path = ListView.swift; sourceTree = "<group>"; };
/* End PBXFileReference section */

/* Begin PBXFrameworksBuildPhase section */
		6E1500B42B3E551300CE397F /* Frameworks */ = {
			isa = PBXFrameworksBuildPhase;
			buildActionMask = 2147483647;
			files = (
			);
			runOnlyForDeploymentPostprocessing = 0;
		};
/* End PBXFrameworksBuildPhase section */

/* Begin PBXGroup section */
		6E1500AE2B3E551300CE397F = {
			isa = PBXGroup;
			children = (
				6E1500B92B3E551300CE397F /* LineChat */,
				6E1500B82B3E551300CE397F /* Products */,
			);
			sourceTree = "<group>";
		};
		6E1500B82B3E551300CE397F /* Products */ = {
			isa = PBXGroup;
			children = (
				6E1500B72B3E551300CE397F /* LineChat.app */,
			);
			name = Products;
			sourceTree = "<group>";
		};
		6E1500B92B3E551300CE397F /* LineChat */ = {
			isa = PBXGroup;
			children = (
				6E1500BA2B3E551300CE397F /* LineChat.swift */,
				6E1500CD2B3E6D4100CE397F /* Models */,
				6E1500CC2B3E5DF600CE397F /* Views */,
				6E1500D92B3E739900CE397F /* ViewModels */,
				6E1500D62B3E717E00CE397F /* DataServices */,
				6E1500BE2B3E551600CE397F /* Assets.xcassets */,
				6E1500C02B3E551600CE397F /* Preview Content */,
			);
			path = LineChat;
			sourceTree = "<group>";
		};
		6E1500C02B3E551600CE397F /* Preview Content */ = {
			isa = PBXGroup;
			children = (
				6E1500C12B3E551600CE397F /* Preview Assets.xcassets */,
			);
			path = "Preview Content";
			sourceTree = "<group>";
		};
		6E1500CC2B3E5DF600CE397F /* Views */ = {
			isa = PBXGroup;
			children = (
				6E6B189C2B3F97CB00030A90 /* ListView.swift */,
				6E1500C82B3E55A400CE397F /* ChatView.swift */,
				6E1500CA2B3E5DE800CE397F /* MessageRow.swift */,
			);
			path = Views;
			sourceTree = "<group>";
		};
		6E1500CD2B3E6D4100CE397F /* Models */ = {
			isa = PBXGroup;
			children = (
				6E1500CE2B3E6D7600CE397F /* User.swift */,
				6E1500D22B3E6F1E00CE397F /* Message.swift */,
				6E1500D42B3E70C500CE397F /* Chat.swift */,
			);
			path = Models;
			sourceTree = "<group>";
		};
		6E1500D62B3E717E00CE397F /* DataServices */ = {
			isa = PBXGroup;
			children = (
				6E1500D72B3E71EE00CE397F /* chatData.json */,
			);
			path = DataServices;
			sourceTree = "<group>";
		};
		6E1500D92B3E739900CE397F /* ViewModels */ = {
			isa = PBXGroup;
			children = (
				6E1500DA2B3E73CD00CE397F /* ChatViewModel.swift */,
			);
			path = ViewModels;
			sourceTree = "<group>";
		};
/* End PBXGroup section */

/* Begin PBXNativeTarget section */
		6E1500B62B3E551300CE397F /* LineChat */ = {
			isa = PBXNativeTarget;
			buildConfigurationList = 6E1500C52B3E551600CE397F /* Build configuration list for PBXNativeTarget "LineChat" */;
			buildPhases = (
				6E1500B32B3E551300CE397F /* Sources */,
				6E1500B42B3E551300CE397F /* Frameworks */,
				6E1500B52B3E551300CE397F /* Resources */,
			);
			buildRules = (
			);
			dependencies = (
			);
			name = LineChat;
			productName = ChatViewWithSwiftUI;
			productReference = 6E1500B72B3E551300CE397F /* LineChat.app */;
			productType = "com.apple.product-type.application";
		};
/* End PBXNativeTarget section */

/* Begin PBXProject section */
		6E1500AF2B3E551300CE397F /* Project object */ = {
			isa = PBXProject;
			attributes = {
				BuildIndependentTargetsInParallel = 1;
				LastSwiftUpdateCheck = 1510;
				LastUpgradeCheck = 1510;
				TargetAttributes = {
					6E1500B62B3E551300CE397F = {
						CreatedOnToolsVersion = 15.1;
					};
				};
			};
			buildConfigurationList = 6E1500B22B3E551300CE397F /* Build configuration list for PBXProject "LineChat" */;
			compatibilityVersion = "Xcode 14.0";
			developmentRegion = en;
			hasScannedForEncodings = 0;
			knownRegions = (
				en,
				Base,
			);
			mainGroup = 6E1500AE2B3E551300CE397F;
			productRefGroup = 6E1500B82B3E551300CE397F /* Products */;
			projectDirPath = "";
			projectRoot = "";
			targets = (
				6E1500B62B3E551300CE397F /* LineChat */,
			);
		};
/* End PBXProject section */

/* Begin PBXResourcesBuildPhase section */
		6E1500B52B3E551300CE397F /* Resources */ = {
			isa = PBXResourcesBuildPhase;
			buildActionMask = 2147483647;
			files = (
				6E1500C22B3E551600CE397F /* Preview Assets.xcassets in Resources */,
				6E1500D82B3E71EE00CE397F /* chatData.json in Resources */,
				6E1500BF2B3E551600CE397F /* Assets.xcassets in Resources */,
			);
			runOnlyForDeploymentPostprocessing = 0;
		};
/* End PBXResourcesBuildPhase section */

/* Begin PBXSourcesBuildPhase section */
		6E1500B32B3E551300CE397F /* Sources */ = {
			isa = PBXSourcesBuildPhase;
			buildActionMask = 2147483647;
			files = (
				6E6B189D2B3F97CB00030A90 /* ListView.swift in Sources */,
				6E1500CF2B3E6D7600CE397F /* User.swift in Sources */,
				6E1500DB2B3E73CD00CE397F /* ChatViewModel.swift in Sources */,
				6E1500D52B3E70C500CE397F /* Chat.swift in Sources */,
				6E1500C92B3E55A400CE397F /* ChatView.swift in Sources */,
				6E1500D32B3E6F1E00CE397F /* Message.swift in Sources */,
				6E1500BB2B3E551300CE397F /* LineChat.swift in Sources */,
				6E1500CB2B3E5DE800CE397F /* MessageRow.swift in Sources */,
			);
			runOnlyForDeploymentPostprocessing = 0;
		};
/* End PBXSourcesBuildPhase section */

/* Begin XCBuildConfiguration section */
		6E1500C32B3E551600CE397F /* Debug */ = {
			isa = XCBuildConfiguration;
			buildSettings = {
				ALWAYS_SEARCH_USER_PATHS = NO;
				ASSETCATALOG_COMPILER_GENERATE_SWIFT_ASSET_SYMBOL_EXTENSIONS = YES;
				CLANG_ANALYZER_NONNULL = YES;
				CLANG_ANALYZER_NUMBER_OBJECT_CONVERSION = YES_AGGRESSIVE;
				CLANG_CXX_LANGUAGE_STANDARD = "gnu++20";
				CLANG_ENABLE_MODULES = YES;
				CLANG_ENABLE_OBJC_ARC = YES;
				CLANG_ENABLE_OBJC_WEAK = YES;
				CLANG_WARN_BLOCK_CAPTURE_AUTORELEASING = YES;
				CLANG_WARN_BOOL_CONVERSION = YES;
				CLANG_WARN_COMMA = YES;
				CLANG_WARN_CONSTANT_CONVERSION = YES;
				CLANG_WARN_DEPRECATED_OBJC_IMPLEMENTATIONS = YES;
				CLANG_WARN_DIRECT_OBJC_ISA_USAGE = YES_ERROR;
				CLANG_WARN_DOCUMENTATION_COMMENTS = YES;
				CLANG_WARN_EMPTY_BODY = YES;
				CLANG_WARN_ENUM_CONVERSION = YES;
				CLANG_WARN_INFINITE_RECURSION = YES;
				CLANG_WARN_INT_CONVERSION = YES;
				CLANG_WARN_NON_LITERAL_NULL_CONVERSION = YES;
				CLANG_WARN_OBJC_IMPLICIT_RETAIN_SELF = YES;
				CLANG_WARN_OBJC_LITERAL_CONVERSION = YES;
				CLANG_WARN_OBJC_ROOT_CLASS = YES_ERROR;
				CLANG_WARN_QUOTED_INCLUDE_IN_FRAMEWORK_HEADER = YES;
				CLANG_WARN_RANGE_LOOP_ANALYSIS = YES;
				CLANG_WARN_STRICT_PROTOTYPES = YES;
				CLANG_WARN_SUSPICIOUS_MOVE = YES;
				CLANG_WARN_UNGUARDED_AVAILABILITY = YES_AGGRESSIVE;
				CLANG_WARN_UNREACHABLE_CODE = YES;
				CLANG_WARN__DUPLICATE_METHOD_MATCH = YES;
				COPY_PHASE_STRIP = NO;
				DEBUG_INFORMATION_FORMAT = dwarf;
				ENABLE_STRICT_OBJC_MSGSEND = YES;
				ENABLE_TESTABILITY = YES;
				ENABLE_USER_SCRIPT_SANDBOXING = YES;
				GCC_C_LANGUAGE_STANDARD = gnu17;
				GCC_DYNAMIC_NO_PIC = NO;
				GCC_NO_COMMON_BLOCKS = YES;
				GCC_OPTIMIZATION_LEVEL = 0;
				GCC_PREPROCESSOR_DEFINITIONS = (
					"DEBUG=1",
					"$(inherited)",
				);
				GCC_WARN_64_TO_32_BIT_CONVERSION = YES;
				GCC_WARN_ABOUT_RETURN_TYPE = YES_ERROR;
				GCC_WARN_UNDECLARED_SELECTOR = YES;
				GCC_WARN_UNINITIALIZED_AUTOS = YES_AGGRESSIVE;
				GCC_WARN_UNUSED_FUNCTION = YES;
				GCC_WARN_UNUSED_VARIABLE = YES;
				IPHONEOS_DEPLOYMENT_TARGET = 17.2;
				LOCALIZATION_PREFERS_STRING_CATALOGS = YES;
				MTL_ENABLE_DEBUG_INFO = INCLUDE_SOURCE;
				MTL_FAST_MATH = YES;
				ONLY_ACTIVE_ARCH = YES;
				SDKROOT = iphoneos;
				SWIFT_ACTIVE_COMPILATION_CONDITIONS = "DEBUG $(inherited)";
				SWIFT_OPTIMIZATION_LEVEL = "-Onone";
			};
			name = Debug;
		};
		6E1500C42B3E551600CE397F /* Release */ = {
			isa = XCBuildConfiguration;
			buildSettings = {
				ALWAYS_SEARCH_USER_PATHS = NO;
				ASSETCATALOG_COMPILER_GENERATE_SWIFT_ASSET_SYMBOL_EXTENSIONS = YES;
				CLANG_ANALYZER_NONNULL = YES;
				CLANG_ANALYZER_NUMBER_OBJECT_CONVERSION = YES_AGGRESSIVE;
				CLANG_CXX_LANGUAGE_STANDARD = "gnu++20";
				CLANG_ENABLE_MODULES = YES;
				CLANG_ENABLE_OBJC_ARC = YES;
				CLANG_ENABLE_OBJC_WEAK = YES;
				CLANG_WARN_BLOCK_CAPTURE_AUTORELEASING = YES;
				CLANG_WARN_BOOL_CONVERSION = YES;
				CLANG_WARN_COMMA = YES;
				CLANG_WARN_CONSTANT_CONVERSION = YES;
				CLANG_WARN_DEPRECATED_OBJC_IMPLEMENTATIONS = YES;
				CLANG_WARN_DIRECT_OBJC_ISA_USAGE = YES_ERROR;
				CLANG_WARN_DOCUMENTATION_COMMENTS = YES;
				CLANG_WARN_EMPTY_BODY = YES;
				CLANG_WARN_ENUM_CONVERSION = YES;
				CLANG_WARN_INFINITE_RECURSION = YES;
				CLANG_WARN_INT_CONVERSION = YES;
				CLANG_WARN_NON_LITERAL_NULL_CONVERSION = YES;
				CLANG_WARN_OBJC_IMPLICIT_RETAIN_SELF = YES;
				CLANG_WARN_OBJC_LITERAL_CONVERSION = YES;
				CLANG_WARN_OBJC_ROOT_CLASS = YES_ERROR;
				CLANG_WARN_QUOTED_INCLUDE_IN_FRAMEWORK_HEADER = YES;
				CLANG_WARN_RANGE_LOOP_ANALYSIS = YES;
				CLANG_WARN_STRICT_PROTOTYPES = YES;
				CLANG_WARN_SUSPICIOUS_MOVE = YES;
				CLANG_WARN_UNGUARDED_AVAILABILITY = YES_AGGRESSIVE;
				CLANG_WARN_UNREACHABLE_CODE = YES;
				CLANG_WARN__DUPLICATE_METHOD_MATCH = YES;
				COPY_PHASE_STRIP = NO;
				DEBUG_INFORMATION_FORMAT = "dwarf-with-dsym";
				ENABLE_NS_ASSERTIONS = NO;
				ENABLE_STRICT_OBJC_MSGSEND = YES;
				ENABLE_USER_SCRIPT_SANDBOXING = YES;
				GCC_C_LANGUAGE_STANDARD = gnu17;
				GCC_NO_COMMON_BLOCKS = YES;
				GCC_WARN_64_TO_32_BIT_CONVERSION = YES;
				GCC_WARN_ABOUT_RETURN_TYPE = YES_ERROR;
				GCC_WARN_UNDECLARED_SELECTOR = YES;
				GCC_WARN_UNINITIALIZED_AUTOS = YES_AGGRESSIVE;
				GCC_WARN_UNUSED_FUNCTION = YES;
				GCC_WARN_UNUSED_VARIABLE = YES;
				IPHONEOS_DEPLOYMENT_TARGET = 17.2;
				LOCALIZATION_PREFERS_STRING_CATALOGS = YES;
				MTL_ENABLE_DEBUG_INFO = NO;
				MTL_FAST_MATH = YES;
				SDKROOT = iphoneos;
				SWIFT_COMPILATION_MODE = wholemodule;
				VALIDATE_PRODUCT = YES;
			};
			name = Release;
		};
		6E1500C62B3E551600CE397F /* Debug */ = {
			isa = XCBuildConfiguration;
			buildSettings = {
				ASSETCATALOG_COMPILER_APPICON_NAME = AppIcon;
				ASSETCATALOG_COMPILER_GLOBAL_ACCENT_COLOR_NAME = AccentColor;
				CODE_SIGN_STYLE = Automatic;
				CURRENT_PROJECT_VERSION = 1;
				DEVELOPMENT_ASSET_PATHS = "";
				ENABLE_PREVIEWS = YES;
				GENERATE_INFOPLIST_FILE = YES;
				INFOPLIST_KEY_UIApplicationSceneManifest_Generation = YES;
				INFOPLIST_KEY_UIApplicationSupportsIndirectInputEvents = YES;
				INFOPLIST_KEY_UILaunchScreen_Generation = YES;
				INFOPLIST_KEY_UISupportedInterfaceOrientations_iPad = "UIInterfaceOrientationPortrait UIInterfaceOrientationPortraitUpsideDown UIInterfaceOrientationLandscapeLeft UIInterfaceOrientationLandscapeRight";
				INFOPLIST_KEY_UISupportedInterfaceOrientations_iPhone = "UIInterfaceOrientationPortrait UIInterfaceOrientationLandscapeLeft UIInterfaceOrientationLandscapeRight";
				LD_RUNPATH_SEARCH_PATHS = (
					"$(inherited)",
					"@executable_path/Frameworks",
				);
				MARKETING_VERSION = 1.0;
				PRODUCT_BUNDLE_IDENTIFIER = com.kazmat.hui.linechat;
				PRODUCT_NAME = "$(TARGET_NAME)";
				SWIFT_EMIT_LOC_STRINGS = YES;
				SWIFT_VERSION = 5.0;
				TARGETED_DEVICE_FAMILY = "1,2";
			};
			name = Debug;
		};
		6E1500C72B3E551600CE397F /* Release */ = {
			isa = XCBuildConfiguration;
			buildSettings = {
				ASSETCATALOG_COMPILER_APPICON_NAME = AppIcon;
				ASSETCATALOG_COMPILER_GLOBAL_ACCENT_COLOR_NAME = AccentColor;
				CODE_SIGN_STYLE = Automatic;
				CURRENT_PROJECT_VERSION = 1;
				DEVELOPMENT_ASSET_PATHS = "";
				ENABLE_PREVIEWS = YES;
				GENERATE_INFOPLIST_FILE = YES;
				INFOPLIST_KEY_UIApplicationSceneManifest_Generation = YES;
				INFOPLIST_KEY_UIApplicationSupportsIndirectInputEvents = YES;
				INFOPLIST_KEY_UILaunchScreen_Generation = YES;
				INFOPLIST_KEY_UISupportedInterfaceOrientations_iPad = "UIInterfaceOrientationPortrait UIInterfaceOrientationPortraitUpsideDown UIInterfaceOrientationLandscapeLeft UIInterfaceOrientationLandscapeRight";
				INFOPLIST_KEY_UISupportedInterfaceOrientations_iPhone = "UIInterfaceOrientationPortrait UIInterfaceOrientationLandscapeLeft UIInterfaceOrientationLandscapeRight";
				LD_RUNPATH_SEARCH_PATHS = (
					"$(inherited)",
					"@executable_path/Frameworks",
				);
				MARKETING_VERSION = 1.0;
				PRODUCT_BUNDLE_IDENTIFIER = com.kazmat.hui.linechat;
				PRODUCT_NAME = "$(TARGET_NAME)";
				SWIFT_EMIT_LOC_STRINGS = YES;
				SWIFT_VERSION = 5.0;
				TARGETED_DEVICE_FAMILY = "1,2";
			};
			name = Release;
		};
/* End XCBuildConfiguration section */

/* Begin XCConfigurationList section */
		6E1500B22B3E551300CE397F /* Build configuration list for PBXProject "LineChat" */ = {
			isa = XCConfigurationList;
			buildConfigurations = (
				6E1500C32B3E551600CE397F /* Debug */,
				6E1500C42B3E551600CE397F /* Release */,
			);
			defaultConfigurationIsVisible = 0;
			defaultConfigurationName = Release;
		};
		6E1500C52B3E551600CE397F /* Build configuration list for PBXNativeTarget "LineChat" */ = {
			isa = XCConfigurationList;
			buildConfigurations = (
				6E1500C62B3E551600CE397F /* Debug */,
				6E1500C72B3E551600CE397F /* Release */,
			);
			defaultConfigurationIsVisible = 0;
			defaultConfigurationName = Release;
		};
/* End XCConfigurationList section */
	};
	rootObject = 6E1500AF2B3E551300CE397F /* Project object */;
}
